
Microsoft Visual Studio Solution File, Format Version 12.00
# Visual Studio 2013
VisualStudioVersion = 12.0.31101.0
MinimumVisualStudioVersion = 10.0.40219.1
Project("{FAE04EC0-301F-11D3-BF4B-00C04F79EFBC}") = "ClientDataGridASPNet", "ClientDataGridASPNet\ClientDataGridASPNet.csproj", "{678B51DD-59A5-43C0-B01A-B91C7245E1DA}"
EndProject
Project("{FAE04EC0-301F-11D3-BF4B-00C04F79EFBC}") = "ClientDataGridASPNet.Tests", "ClientDataGridASPNet.Tests\ClientDataGridASPNet.Tests.csproj", "{6707FDE8-E578-4B53-9413-477F78CA9DCB}"
EndProject
Global
	GlobalSection(SolutionConfigurationPlatforms) = preSolution
		Debug|Any CPU = Debug|Any CPU
		Release|Any CPU = Release|Any CPU
	EndGlobalSection
	GlobalSection(ProjectConfigurationPlatforms) = postSolution
		{678B51DD-59A5-43C0-B01A-B91C7245E1DA}.Debug|Any CPU.ActiveCfg = Debug|Any CPU
		{678B51DD-59A5-43C0-B01A-B91C7245E1DA}.Debug|Any CPU.Build.0 = Debug|Any CPU
		{678B51DD-59A5-43C0-B01A-B91C7245E1DA}.Release|Any CPU.ActiveCfg = Release|Any CPU
		{678B51DD-59A5-43C0-B01A-B91C7245E1DA}.Release|Any CPU.Build.0 = Release|Any CPU
		{6707FDE8-E578-4B53-9413-477F78CA9DCB}.Debug|Any CPU.ActiveCfg = Debug|Any CPU
		{6707FDE8-E578-4B53-9413-477F78CA9DCB}.Debug|Any CPU.Build.0 = Debug|Any CPU
		{6707FDE8-E578-4B53-9413-477F78CA9DCB}.Release|Any CPU.ActiveCfg = Release|Any CPU
		{6707FDE8-E578-4B53-9413-477F78CA9DCB}.Release|Any CPU.Build.0 = Release|Any CPU
	EndGlobalSection
	GlobalSection(SolutionProperties) = preSolution
		HideSolutionNode = FALSE
	EndGlobalSection
EndGlobal
